// !$*UTF8*$!
{
	archiveVersion = 1;
	classes = {
	};
	objectVersion = 56;
	objects = {

/* Begin PBXBuildFile section */
		B5271B3429D94C23006A30D2 /* CustomSliderFramework.h in Headers */ = {isa = PBXBuildFile; fileRef = B5271B3329D94C23006A30D2 /* CustomSliderFramework.h */; settings = {ATTRIBUTES = (Public, ); }; };
		B5271B3B29D94D81006A30D2 /* CustomSlider.swift in Sources */ = {isa = PBXBuildFile; fileRef = B5271B3A29D94D81006A30D2 /* CustomSlider.swift */; };
		B5271B4B29D94EAC006A30D2 /* ExtensionHelpers.swift in Sources */ = {isa = PBXBuildFile; fileRef = B5271B4A29D94EAC006A30D2 /* ExtensionHelpers.swift */; };
		B59CE62629D9CDF9004AE930 /* CustomSliderFrameworkTests.swift in Sources */ = {isa = PBXBuildFile; fileRef = B59CE62529D9CDF9004AE930 /* CustomSliderFrameworkTests.swift */; };
		B59CE62729D9CDF9004AE930 /* CustomSliderFramework.framework in Frameworks */ = {isa = PBXBuildFile; fileRef = B5271B3029D94C23006A30D2 /* CustomSliderFramework.framework */; platformFilter = ios; };
/* End PBXBuildFile section */

/* Begin PBXContainerItemProxy section */
		B59CE62829D9CDF9004AE930 /* PBXContainerItemProxy */ = {
			isa = PBXContainerItemProxy;
			containerPortal = B5271B2729D94C23006A30D2 /* Project object */;
			proxyType = 1;
			remoteGlobalIDString = B5271B2F29D94C23006A30D2;
			remoteInfo = CustomSliderFramework;
		};
/* End PBXContainerItemProxy section */

/* Begin PBXFileReference section */
		B5271B3029D94C23006A30D2 /* CustomSliderFramework.framework */ = {isa = PBXFileReference; explicitFileType = wrapper.framework; includeInIndex = 0; path = CustomSliderFramework.framework; sourceTree = BUILT_PRODUCTS_DIR; };
		B5271B3329D94C23006A30D2 /* CustomSliderFramework.h */ = {isa = PBXFileReference; lastKnownFileType = sourcecode.c.h; path = CustomSliderFramework.h; sourceTree = "<group>"; };
		B5271B3A29D94D81006A30D2 /* CustomSlider.swift */ = {isa = PBXFileReference; lastKnownFileType = sourcecode.swift; path = CustomSlider.swift; sourceTree = "<group>"; };
		B5271B4A29D94EAC006A30D2 /* ExtensionHelpers.swift */ = {isa = PBXFileReference; lastKnownFileType = sourcecode.swift; path = ExtensionHelpers.swift; sourceTree = "<group>"; };
		B59CE62329D9CDF9004AE930 /* CustomSliderFrameworkTests.xctest */ = {isa = PBXFileReference; explicitFileType = wrapper.cfbundle; includeInIndex = 0; path = CustomSliderFrameworkTests.xctest; sourceTree = BUILT_PRODUCTS_DIR; };
		B59CE62529D9CDF9004AE930 /* CustomSliderFrameworkTests.swift */ = {isa = PBXFileReference; lastKnownFileType = sourcecode.swift; path = CustomSliderFrameworkTests.swift; sourceTree = "<group>"; };
/* End PBXFileReference section */

/* Begin PBXFrameworksBuildPhase section */
		B5271B2D29D94C23006A30D2 /* Frameworks */ = {
			isa = PBXFrameworksBuildPhase;
			buildActionMask = 2147483647;
			files = (
			);
			runOnlyForDeploymentPostprocessing = 0;
		};
		B59CE62029D9CDF9004AE930 /* Frameworks */ = {
			isa = PBXFrameworksBuildPhase;
			buildActionMask = 2147483647;
			files = (
				B59CE62729D9CDF9004AE930 /* CustomSliderFramework.framework in Frameworks */,
			);
			runOnlyForDeploymentPostprocessing = 0;
		};
/* End PBXFrameworksBuildPhase section */

/* Begin PBXGroup section */
		B5271B2629D94C23006A30D2 = {
			isa = PBXGroup;
			children = (
				B5271B3229D94C23006A30D2 /* CustomSliderFramework */,
				B59CE62429D9CDF9004AE930 /* CustomSliderFrameworkTests */,
				B5271B3129D94C23006A30D2 /* Products */,
			);
			sourceTree = "<group>";
		};
		B5271B3129D94C23006A30D2 /* Products */ = {
			isa = PBXGroup;
			children = (
				B5271B3029D94C23006A30D2 /* CustomSliderFramework.framework */,
				B59CE62329D9CDF9004AE930 /* CustomSliderFrameworkTests.xctest */,
			);
			name = Products;
			sourceTree = "<group>";
		};
		B5271B3229D94C23006A30D2 /* CustomSliderFramework */ = {
			isa = PBXGroup;
			children = (
				B5271B3329D94C23006A30D2 /* CustomSliderFramework.h */,
				B5271B3A29D94D81006A30D2 /* CustomSlider.swift */,
				B5271B4A29D94EAC006A30D2 /* ExtensionHelpers.swift */,
			);
			path = CustomSliderFramework;
			sourceTree = "<group>";
		};
		B59CE62429D9CDF9004AE930 /* CustomSliderFrameworkTests */ = {
			isa = PBXGroup;
			children = (
				B59CE62529D9CDF9004AE930 /* CustomSliderFrameworkTests.swift */,
			);
			path = CustomSliderFrameworkTests;
			sourceTree = "<group>";
		};
/* End PBXGroup section */

/* Begin PBXHeadersBuildPhase section */
		B5271B2B29D94C23006A30D2 /* Headers */ = {
			isa = PBXHeadersBuildPhase;
			buildActionMask = 2147483647;
			files = (
				B5271B3429D94C23006A30D2 /* CustomSliderFramework.h in Headers */,
			);
			runOnlyForDeploymentPostprocessing = 0;
		};
/* End PBXHeadersBuildPhase section */

/* Begin PBXNativeTarget section */
		B5271B2F29D94C23006A30D2 /* CustomSliderFramework */ = {
			isa = PBXNativeTarget;
			buildConfigurationList = B5271B3729D94C23006A30D2 /* Build configuration list for PBXNativeTarget "CustomSliderFramework" */;
			buildPhases = (
				B5271B2B29D94C23006A30D2 /* Headers */,
				B5271B2C29D94C23006A30D2 /* Sources */,
				B5271B2D29D94C23006A30D2 /* Frameworks */,
				B5271B2E29D94C23006A30D2 /* Resources */,
			);
			buildRules = (
			);
			dependencies = (
			);
			name = CustomSliderFramework;
			productName = CustomSliderFramework;
			productReference = B5271B3029D94C23006A30D2 /* CustomSliderFramework.framework */;
			productType = "com.apple.product-type.framework";
		};
		B59CE62229D9CDF9004AE930 /* CustomSliderFrameworkTests */ = {
			isa = PBXNativeTarget;
			buildConfigurationList = B59CE62C29D9CDF9004AE930 /* Build configuration list for PBXNativeTarget "CustomSliderFrameworkTests" */;
			buildPhases = (
				B59CE61F29D9CDF9004AE930 /* Sources */,
				B59CE62029D9CDF9004AE930 /* Frameworks */,
				B59CE62129D9CDF9004AE930 /* Resources */,
			);
			buildRules = (
			);
			dependencies = (
				B59CE62929D9CDF9004AE930 /* PBXTargetDependency */,
			);
			name = CustomSliderFrameworkTests;
			productName = CustomSliderFrameworkTests;
			productReference = B59CE62329D9CDF9004AE930 /* CustomSliderFrameworkTests.xctest */;
			productType = "com.apple.product-type.bundle.unit-test";
		};
/* End PBXNativeTarget section */

/* Begin PBXProject section */
		B5271B2729D94C23006A30D2 /* Project object */ = {
			isa = PBXProject;
			attributes = {
				BuildIndependentTargetsInParallel = 1;
				LastSwiftUpdateCheck = 1410;
				LastUpgradeCheck = 1410;
				TargetAttributes = {
					B5271B2F29D94C23006A30D2 = {
						CreatedOnToolsVersion = 14.1;
						LastSwiftMigration = 1410;
					};
					B59CE62229D9CDF9004AE930 = {
						CreatedOnToolsVersion = 14.1;
					};
				};
			};
			buildConfigurationList = B5271B2A29D94C23006A30D2 /* Build configuration list for PBXProject "CustomSliderFramework" */;
			compatibilityVersion = "Xcode 14.0";
			developmentRegion = en;
			hasScannedForEncodings = 0;
			knownRegions = (
				en,
				Base,
			);
			mainGroup = B5271B2629D94C23006A30D2;
			productRefGroup = B5271B3129D94C23006A30D2 /* Products */;
			projectDirPath = "";
			projectRoot = "";
			targets = (
				B5271B2F29D94C23006A30D2 /* CustomSliderFramework */,
				B59CE62229D9CDF9004AE930 /* CustomSliderFrameworkTests */,
			);
		};
/* End PBXProject section */

/* Begin PBXResourcesBuildPhase section */
		B5271B2E29D94C23006A30D2 /* Resources */ = {
			isa = PBXResourcesBuildPhase;
			buildActionMask = 2147483647;
			files = (
			);
			runOnlyForDeploymentPostprocessing = 0;
		};
		B59CE62129D9CDF9004AE930 /* Resources */ = {
			isa = PBXResourcesBuildPhase;
			buildActionMask = 2147483647;
			files = (
			);
			runOnlyForDeploymentPostprocessing = 0;
		};
/* End PBXResourcesBuildPhase section */

/* Begin PBXSourcesBuildPhase section */
		B5271B2C29D94C23006A30D2 /* Sources */ = {
			isa = PBXSourcesBuildPhase;
			buildActionMask = 2147483647;
			files = (
				B5271B3B29D94D81006A30D2 /* CustomSlider.swift in Sources */,
				B5271B4B29D94EAC006A30D2 /* ExtensionHelpers.swift in Sources */,
			);
			runOnlyForDeploymentPostprocessing = 0;
		};
		B59CE61F29D9CDF9004AE930 /* Sources */ = {
			isa = PBXSourcesBuildPhase;
			buildActionMask = 2147483647;
			files = (
				B59CE62629D9CDF9004AE930 /* CustomSliderFrameworkTests.swift in Sources */,
			);
			runOnlyForDeploymentPostprocessing = 0;
		};
/* End PBXSourcesBuildPhase section */

/* Begin PBXTargetDependency section */
		B59CE62929D9CDF9004AE930 /* PBXTargetDependency */ = {
			isa = PBXTargetDependency;
			platformFilter = ios;
			target = B5271B2F29D94C23006A30D2 /* CustomSliderFramework */;
			targetProxy = B59CE62829D9CDF9004AE930 /* PBXContainerItemProxy */;
		};
/* End PBXTargetDependency section */

/* Begin XCBuildConfiguration section */
		B5271B3529D94C23006A30D2 /* Debug */ = {
			isa = XCBuildConfiguration;
			buildSettings = {
				ALWAYS_SEARCH_USER_PATHS = NO;
				CLANG_ANALYZER_NONNULL = YES;
				CLANG_ANALYZER_NUMBER_OBJECT_CONVERSION = YES_AGGRESSIVE;
				CLANG_CXX_LANGUAGE_STANDARD = "gnu++20";
				CLANG_ENABLE_MODULES = YES;
				CLANG_ENABLE_OBJC_ARC = YES;
				CLANG_ENABLE_OBJC_WEAK = YES;
				CLANG_WARN_BLOCK_CAPTURE_AUTORELEASING = YES;
				CLANG_WARN_BOOL_CONVERSION = YES;
				CLANG_WARN_COMMA = YES;
				CLANG_WARN_CONSTANT_CONVERSION = YES;
				CLANG_WARN_DEPRECATED_OBJC_IMPLEMENTATIONS = YES;
				CLANG_WARN_DIRECT_OBJC_ISA_USAGE = YES_ERROR;
				CLANG_WARN_DOCUMENTATION_COMMENTS = YES;
				CLANG_WARN_EMPTY_BODY = YES;
				CLANG_WARN_ENUM_CONVERSION = YES;
				CLANG_WARN_INFINITE_RECURSION = YES;
				CLANG_WARN_INT_CONVERSION = YES;
				CLANG_WARN_NON_LITERAL_NULL_CONVERSION = YES;
				CLANG_WARN_OBJC_IMPLICIT_RETAIN_SELF = YES;
				CLANG_WARN_OBJC_LITERAL_CONVERSION = YES;
				CLANG_WARN_OBJC_ROOT_CLASS = YES_ERROR;
				CLANG_WARN_QUOTED_INCLUDE_IN_FRAMEWORK_HEADER = YES;
				CLANG_WARN_RANGE_LOOP_ANALYSIS = YES;
				CLANG_WARN_STRICT_PROTOTYPES = YES;
				CLANG_WARN_SUSPICIOUS_MOVE = YES;
				CLANG_WARN_UNGUARDED_AVAILABILITY = YES_AGGRESSIVE;
				CLANG_WARN_UNREACHABLE_CODE = YES;
				CLANG_WARN__DUPLICATE_METHOD_MATCH = YES;
				COPY_PHASE_STRIP = NO;
				CURRENT_PROJECT_VERSION = 1;
				DEBUG_INFORMATION_FORMAT = dwarf;
				ENABLE_STRICT_OBJC_MSGSEND = YES;
				ENABLE_TESTABILITY = YES;
				GCC_C_LANGUAGE_STANDARD = gnu11;
				GCC_DYNAMIC_NO_PIC = NO;
				GCC_NO_COMMON_BLOCKS = YES;
				GCC_OPTIMIZATION_LEVEL = 0;
				GCC_PREPROCESSOR_DEFINITIONS = (
					"DEBUG=1",
					"$(inherited)",
				);
				GCC_WARN_64_TO_32_BIT_CONVERSION = YES;
				GCC_WARN_ABOUT_RETURN_TYPE = YES_ERROR;
				GCC_WARN_UNDECLARED_SELECTOR = YES;
				GCC_WARN_UNINITIALIZED_AUTOS = YES_AGGRESSIVE;
				GCC_WARN_UNUSED_FUNCTION = YES;
				GCC_WARN_UNUSED_VARIABLE = YES;
				IPHONEOS_DEPLOYMENT_TARGET = 11.0;
				MTL_ENABLE_DEBUG_INFO = INCLUDE_SOURCE;
				MTL_FAST_MATH = YES;
				ONLY_ACTIVE_ARCH = YES;
				SDKROOT = iphoneos;
				SWIFT_ACTIVE_COMPILATION_CONDITIONS = DEBUG;
				SWIFT_OPTIMIZATION_LEVEL = "-Onone";
				VERSIONING_SYSTEM = "apple-generic";
				VERSION_INFO_PREFIX = "";
			};
			name = Debug;
		};
		B5271B3629D94C23006A30D2 /* Release */ = {
			isa = XCBuildConfiguration;
			buildSettings = {
				ALWAYS_SEARCH_USER_PATHS = NO;
				CLANG_ANALYZER_NONNULL = YES;
				CLANG_ANALYZER_NUMBER_OBJECT_CONVERSION = YES_AGGRESSIVE;
				CLANG_CXX_LANGUAGE_STANDARD = "gnu++20";
				CLANG_ENABLE_MODULES = YES;
				CLANG_ENABLE_OBJC_ARC = YES;
				CLANG_ENABLE_OBJC_WEAK = YES;
				CLANG_WARN_BLOCK_CAPTURE_AUTORELEASING = YES;
				CLANG_WARN_BOOL_CONVERSION = YES;
				CLANG_WARN_COMMA = YES;
				CLANG_WARN_CONSTANT_CONVERSION = YES;
				CLANG_WARN_DEPRECATED_OBJC_IMPLEMENTATIONS = YES;
				CLANG_WARN_DIRECT_OBJC_ISA_USAGE = YES_ERROR;
				CLANG_WARN_DOCUMENTATION_COMMENTS = YES;
				CLANG_WARN_EMPTY_BODY = YES;
				CLANG_WARN_ENUM_CONVERSION = YES;
				CLANG_WARN_INFINITE_RECURSION = YES;
				CLANG_WARN_INT_CONVERSION = YES;
				CLANG_WARN_NON_LITERAL_NULL_CONVERSION = YES;
				CLANG_WARN_OBJC_IMPLICIT_RETAIN_SELF = YES;
				CLANG_WARN_OBJC_LITERAL_CONVERSION = YES;
				CLANG_WARN_OBJC_ROOT_CLASS = YES_ERROR;
				CLANG_WARN_QUOTED_INCLUDE_IN_FRAMEWORK_HEADER = YES;
				CLANG_WARN_RANGE_LOOP_ANALYSIS = YES;
				CLANG_WARN_STRICT_PROTOTYPES = YES;
				CLANG_WARN_SUSPICIOUS_MOVE = YES;
				CLANG_WARN_UNGUARDED_AVAILABILITY = YES_AGGRESSIVE;
				CLANG_WARN_UNREACHABLE_CODE = YES;
				CLANG_WARN__DUPLICATE_METHOD_MATCH = YES;
				COPY_PHASE_STRIP = NO;
				CURRENT_PROJECT_VERSION = 1;
				DEBUG_INFORMATION_FORMAT = "dwarf-with-dsym";
				ENABLE_NS_ASSERTIONS = NO;
				ENABLE_STRICT_OBJC_MSGSEND = YES;
				GCC_C_LANGUAGE_STANDARD = gnu11;
				GCC_NO_COMMON_BLOCKS = YES;
				GCC_WARN_64_TO_32_BIT_CONVERSION = YES;
				GCC_WARN_ABOUT_RETURN_TYPE = YES_ERROR;
				GCC_WARN_UNDECLARED_SELECTOR = YES;
				GCC_WARN_UNINITIALIZED_AUTOS = YES_AGGRESSIVE;
				GCC_WARN_UNUSED_FUNCTION = YES;
				GCC_WARN_UNUSED_VARIABLE = YES;
				IPHONEOS_DEPLOYMENT_TARGET = 11.0;
				MTL_ENABLE_DEBUG_INFO = NO;
				MTL_FAST_MATH = YES;
				SDKROOT = iphoneos;
				SWIFT_COMPILATION_MODE = wholemodule;
				SWIFT_OPTIMIZATION_LEVEL = "-O";
				VALIDATE_PRODUCT = YES;
				VERSIONING_SYSTEM = "apple-generic";
				VERSION_INFO_PREFIX = "";
			};
			name = Release;
		};
		B5271B3829D94C23006A30D2 /* Debug */ = {
			isa = XCBuildConfiguration;
			buildSettings = {
				CLANG_ENABLE_MODULES = YES;
				CODE_SIGN_STYLE = Manual;
				CURRENT_PROJECT_VERSION = 1;
				DEFINES_MODULE = YES;
				DEVELOPMENT_TEAM = "";
				DYLIB_COMPATIBILITY_VERSION = 1;
				DYLIB_CURRENT_VERSION = 1;
				DYLIB_INSTALL_NAME_BASE = "@rpath";
				GENERATE_INFOPLIST_FILE = YES;
				INFOPLIST_KEY_NSHumanReadableCopyright = "";
				INSTALL_PATH = "$(LOCAL_LIBRARY_DIR)/Frameworks";
				LD_RUNPATH_SEARCH_PATHS = (
					"$(inherited)",
					"@executable_path/Frameworks",
					"@loader_path/Frameworks",
				);
				MARKETING_VERSION = 1.0;
				PRODUCT_BUNDLE_IDENTIFIER = com.test.CustomSliderFramework;
				PRODUCT_NAME = "$(TARGET_NAME:c99extidentifier)";
				PROVISIONING_PROFILE_SPECIFIER = "";
				SKIP_INSTALL = YES;
				SUPPORTED_PLATFORMS = "iphoneos iphonesimulator";
				SUPPORTS_MACCATALYST = NO;
				SUPPORTS_MAC_DESIGNED_FOR_IPHONE_IPAD = YES;
				SWIFT_EMIT_LOC_STRINGS = YES;
				SWIFT_OPTIMIZATION_LEVEL = "-Onone";
				SWIFT_VERSION = 5.0;
				TARGETED_DEVICE_FAMILY = "1,2";
			};
			name = Debug;
		};
		B5271B3929D94C23006A30D2 /* Release */ = {
			isa = XCBuildConfiguration;
			buildSettings = {
				CLANG_ENABLE_MODULES = YES;
				CODE_SIGN_STYLE = Manual;
				CURRENT_PROJECT_VERSION = 1;
				DEFINES_MODULE = YES;
				DEVELOPMENT_TEAM = "";
				DYLIB_COMPATIBILITY_VERSION = 1;
				DYLIB_CURRENT_VERSION = 1;
				DYLIB_INSTALL_NAME_BASE = "@rpath";
				GENERATE_INFOPLIST_FILE = YES;
				INFOPLIST_KEY_NSHumanReadableCopyright = "";
				INSTALL_PATH = "$(LOCAL_LIBRARY_DIR)/Frameworks";
				LD_RUNPATH_SEARCH_PATHS = (
					"$(inherited)",
					"@executable_path/Frameworks",
					"@loader_path/Frameworks",
				);
				MARKETING_VERSION = 1.0;
				PRODUCT_BUNDLE_IDENTIFIER = com.test.CustomSliderFramework;
				PRODUCT_NAME = "$(TARGET_NAME:c99extidentifier)";
				PROVISIONING_PROFILE_SPECIFIER = "";
				SKIP_INSTALL = YES;
				SUPPORTED_PLATFORMS = "iphoneos iphonesimulator";
				SUPPORTS_MACCATALYST = NO;
				SUPPORTS_MAC_DESIGNED_FOR_IPHONE_IPAD = YES;
				SWIFT_EMIT_LOC_STRINGS = YES;
				SWIFT_VERSION = 5.0;
				TARGETED_DEVICE_FAMILY = "1,2";
			};
			name = Release;
		};
		B59CE62A29D9CDF9004AE930 /* Debug */ = {
			isa = XCBuildConfiguration;
			buildSettings = {
				CODE_SIGN_STYLE = Automatic;
				CURRENT_PROJECT_VERSION = 1;
				GENERATE_INFOPLIST_FILE = YES;
				IPHONEOS_DEPLOYMENT_TARGET = 16.1;
				MACOSX_DEPLOYMENT_TARGET = 13.0;
				MARKETING_VERSION = 1.0;
				PRODUCT_BUNDLE_IDENTIFIER = com.test.CustomSliderFrameworkTests;
				PRODUCT_NAME = "$(TARGET_NAME)";
				SDKROOT = auto;
				SUPPORTED_PLATFORMS = "iphoneos iphonesimulator macosx";
				SWIFT_EMIT_LOC_STRINGS = NO;
				SWIFT_VERSION = 5.0;
				TARGETED_DEVICE_FAMILY = "1,2";
			};
			name = Debug;
		};
		B59CE62B29D9CDF9004AE930 /* Release */ = {
			isa = XCBuildConfiguration;
			buildSettings = {
				CODE_SIGN_STYLE = Automatic;
				CURRENT_PROJECT_VERSION = 1;
				GENERATE_INFOPLIST_FILE = YES;
				IPHONEOS_DEPLOYMENT_TARGET = 16.1;
				MACOSX_DEPLOYMENT_TARGET = 13.0;
				MARKETING_VERSION = 1.0;
				PRODUCT_BUNDLE_IDENTIFIER = com.test.CustomSliderFrameworkTests;
				PRODUCT_NAME = "$(TARGET_NAME)";
				SDKROOT = auto;
				SUPPORTED_PLATFORMS = "iphoneos iphonesimulator macosx";
				SWIFT_EMIT_LOC_STRINGS = NO;
				SWIFT_VERSION = 5.0;
				TARGETED_DEVICE_FAMILY = "1,2";
			};
			name = Release;
		};
/* End XCBuildConfiguration section */

/* Begin XCConfigurationList section */
		B5271B2A29D94C23006A30D2 /* Build configuration list for PBXProject "CustomSliderFramework" */ = {
			isa = XCConfigurationList;
			buildConfigurations = (
				B5271B3529D94C23006A30D2 /* Debug */,
				B5271B3629D94C23006A30D2 /* Release */,
			);
			defaultConfigurationIsVisible = 0;
			defaultConfigurationName = Release;
		};
		B5271B3729D94C23006A30D2 /* Build configuration list for PBXNativeTarget "CustomSliderFramework" */ = {
			isa = XCConfigurationList;
			buildConfigurations = (
				B5271B3829D94C23006A30D2 /* Debug */,
				B5271B3929D94C23006A30D2 /* Release */,
			);
			defaultConfigurationIsVisible = 0;
			defaultConfigurationName = Release;
		};
		B59CE62C29D9CDF9004AE930 /* Build configuration list for PBXNativeTarget "CustomSliderFrameworkTests" */ = {
			isa = XCConfigurationList;
			buildConfigurations = (
				B59CE62A29D9CDF9004AE930 /* Debug */,
				B59CE62B29D9CDF9004AE930 /* Release */,
			);
			defaultConfigurationIsVisible = 0;
			defaultConfigurationName = Release;
		};
/* End XCConfigurationList section */
	};
	rootObject = B5271B2729D94C23006A30D2 /* Project object */;
}
